
Microsoft Visual Studio Solution File, Format Version 12.00
# Visual Studio 2013
VisualStudioVersion = 12.0.40629.0
MinimumVisualStudioVersion = 10.0.40219.1
Project("{FAE04EC0-301F-11D3-BF4B-00C04F79EFBC}") = "MvcApplication2", "MvcApplication2\MvcApplication2.csproj", "{B938FAB9-5D8C-479B-A961-AC0BB2F0E60E}"
EndProject
Global
	GlobalSection(SolutionConfigurationPlatforms) = preSolution
		Debug|Any CPU = Debug|Any CPU
		Release|Any CPU = Release|Any CPU
	EndGlobalSection
	GlobalSection(ProjectConfigurationPlatforms) = postSolution
		{B938FAB9-5D8C-479B-A961-AC0BB2F0E60E}.Debug|Any CPU.ActiveCfg = Debug|Any CPU
		{B938FAB9-5D8C-479B-A961-AC0BB2F0E60E}.Debug|Any CPU.Build.0 = Debug|Any CPU
		{B938FAB9-5D8C-479B-A961-AC0BB2F0E60E}.Release|Any CPU.ActiveCfg = Release|Any CPU
		{B938FAB9-5D8C-479B-A961-AC0BB2F0E60E}.Release|Any CPU.Build.0 = Release|Any CPU
	EndGlobalSection
	GlobalSection(SolutionProperties) = preSolution
		HideSolutionNode = FALSE
	EndGlobalSection
EndGlobal
